
Microsoft Visual Studio Solution File, Format Version 12.00
# Visual Studio 2012
Project("{FAE04EC0-301F-11D3-BF4B-00C04F79EFBC}") = "01. Students", "01. Students\01. Students.csproj", "{9FE41C98-07A7-40BF-ACB2-3F290E5A5A8F}"
EndProject
Project("{FAE04EC0-301F-11D3-BF4B-00C04F79EFBC}") = "02. Articles", "02. Articles\02. Articles.csproj", "{E5BDE027-E0FE-416E-9AE7-40A36F0F7491}"
EndProject
Global
	GlobalSection(SolutionConfigurationPlatforms) = preSolution
		Debug|Any CPU = Debug|Any CPU
		Release|Any CPU = Release|Any CPU
	EndGlobalSection
	GlobalSection(ProjectConfigurationPlatforms) = postSolution
		{9FE41C98-07A7-40BF-ACB2-3F290E5A5A8F}.Debug|Any CPU.ActiveCfg = Debug|Any CPU
		{9FE41C98-07A7-40BF-ACB2-3F290E5A5A8F}.Debug|Any CPU.Build.0 = Debug|Any CPU
		{9FE41C98-07A7-40BF-ACB2-3F290E5A5A8F}.Release|Any CPU.ActiveCfg = Release|Any CPU
		{9FE41C98-07A7-40BF-ACB2-3F290E5A5A8F}.Release|Any CPU.Build.0 = Release|Any CPU
		{E5BDE027-E0FE-416E-9AE7-40A36F0F7491}.Debug|Any CPU.ActiveCfg = Debug|Any CPU
		{E5BDE027-E0FE-416E-9AE7-40A36F0F7491}.Debug|Any CPU.Build.0 = Debug|Any CPU
		{E5BDE027-E0FE-416E-9AE7-40A36F0F7491}.Release|Any CPU.ActiveCfg = Release|Any CPU
		{E5BDE027-E0FE-416E-9AE7-40A36F0F7491}.Release|Any CPU.Build.0 = Release|Any CPU
	EndGlobalSection
	GlobalSection(SolutionProperties) = preSolution
		HideSolutionNode = FALSE
	EndGlobalSection
EndGlobal
