
Microsoft Visual Studio Solution File, Format Version 12.00
# Visual Studio 2012
Project("{FAE04EC0-301F-11D3-BF4B-00C04F79EFBC}") = "01. PriorityQueue", "01. PriorityQueue\01. PriorityQueue.csproj", "{ECF09EE5-52E4-41CD-83FC-49D638749E5C}"
EndProject
Project("{FAE04EC0-301F-11D3-BF4B-00C04F79EFBC}") = "02. CollectionOfProducts", "02. CollectionOfProducts\02. CollectionOfProducts.csproj", "{7F115C74-6FBF-473C-BD9E-5964EE78A467}"
EndProject
Global
	GlobalSection(SolutionConfigurationPlatforms) = preSolution
		Debug|Any CPU = Debug|Any CPU
		Release|Any CPU = Release|Any CPU
	EndGlobalSection
	GlobalSection(ProjectConfigurationPlatforms) = postSolution
		{ECF09EE5-52E4-41CD-83FC-49D638749E5C}.Debug|Any CPU.ActiveCfg = Debug|Any CPU
		{ECF09EE5-52E4-41CD-83FC-49D638749E5C}.Debug|Any CPU.Build.0 = Debug|Any CPU
		{ECF09EE5-52E4-41CD-83FC-49D638749E5C}.Release|Any CPU.ActiveCfg = Release|Any CPU
		{ECF09EE5-52E4-41CD-83FC-49D638749E5C}.Release|Any CPU.Build.0 = Release|Any CPU
		{7F115C74-6FBF-473C-BD9E-5964EE78A467}.Debug|Any CPU.ActiveCfg = Debug|Any CPU
		{7F115C74-6FBF-473C-BD9E-5964EE78A467}.Debug|Any CPU.Build.0 = Debug|Any CPU
		{7F115C74-6FBF-473C-BD9E-5964EE78A467}.Release|Any CPU.ActiveCfg = Release|Any CPU
		{7F115C74-6FBF-473C-BD9E-5964EE78A467}.Release|Any CPU.Build.0 = Release|Any CPU
	EndGlobalSection
	GlobalSection(SolutionProperties) = preSolution
		HideSolutionNode = FALSE
	EndGlobalSection
EndGlobal
